
Microsoft Visual Studio Solution File, Format Version 12.00
# Visual Studio Version 16
VisualStudioVersion = 16.0.32413.511
MinimumVisualStudioVersion = 10.0.40219.1
Project("{FAE04EC0-301F-11D3-BF4B-00C04F79EFBC}") = "8Queen", "8Queen.csproj", "{4F552CC3-2A9C-45DA-9E42-13B5C228BF18}"
EndProject
Global
	GlobalSection(SolutionConfigurationPlatforms) = preSolution
		Debug|Any CPU = Debug|Any CPU
		Release|Any CPU = Release|Any CPU
	EndGlobalSection
	GlobalSection(ProjectConfigurationPlatforms) = postSolution
		{4F552CC3-2A9C-45DA-9E42-13B5C228BF18}.Debug|Any CPU.ActiveCfg = Debug|Any CPU
		{4F552CC3-2A9C-45DA-9E42-13B5C228BF18}.Debug|Any CPU.Build.0 = Debug|Any CPU
		{4F552CC3-2A9C-45DA-9E42-13B5C228BF18}.Release|Any CPU.ActiveCfg = Release|Any CPU
		{4F552CC3-2A9C-45DA-9E42-13B5C228BF18}.Release|Any CPU.Build.0 = Release|Any CPU
	EndGlobalSection
	GlobalSection(SolutionProperties) = preSolution
		HideSolutionNode = FALSE
	EndGlobalSection
	GlobalSection(ExtensibilityGlobals) = postSolution
		SolutionGuid = {941613F6-3B22-4691-9007-8548ABD64B08}
	EndGlobalSection
EndGlobal
